
Microsoft Visual Studio Solution File, Format Version 12.00
# Visual Studio 15
VisualStudioVersion = 15.0.26228.4
MinimumVisualStudioVersion = 10.0.40219.1
Project("{FAE04EC0-301F-11D3-BF4B-00C04F79EFBC}") = "DominionData.AccountsWinApp", "DominionData.AccountsWinApp\DominionData.AccountsWinApp.csproj", "{6F5E15BF-DA17-4D87-80E8-B012FDB97B98}"
EndProject
Project("{FAE04EC0-301F-11D3-BF4B-00C04F79EFBC}") = "DominionData.Base", "DominionData.Base\DominionData.Base.csproj", "{AC06D77C-3848-4331-B7FB-CE9414C846D2}"
EndProject
Project("{FAE04EC0-301F-11D3-BF4B-00C04F79EFBC}") = "DominionData.Data", "DominionData.Data\DominionData.Data.csproj", "{260A238E-DE4B-47F2-893A-8E67718253FB}"
EndProject
Global
	GlobalSection(SolutionConfigurationPlatforms) = preSolution
		Debug|Any CPU = Debug|Any CPU
		Release|Any CPU = Release|Any CPU
	EndGlobalSection
	GlobalSection(ProjectConfigurationPlatforms) = postSolution
		{6F5E15BF-DA17-4D87-80E8-B012FDB97B98}.Debug|Any CPU.ActiveCfg = Debug|Any CPU
		{6F5E15BF-DA17-4D87-80E8-B012FDB97B98}.Debug|Any CPU.Build.0 = Debug|Any CPU
		{6F5E15BF-DA17-4D87-80E8-B012FDB97B98}.Release|Any CPU.ActiveCfg = Release|Any CPU
		{6F5E15BF-DA17-4D87-80E8-B012FDB97B98}.Release|Any CPU.Build.0 = Release|Any CPU
		{AC06D77C-3848-4331-B7FB-CE9414C846D2}.Debug|Any CPU.ActiveCfg = Debug|Any CPU
		{AC06D77C-3848-4331-B7FB-CE9414C846D2}.Debug|Any CPU.Build.0 = Debug|Any CPU
		{AC06D77C-3848-4331-B7FB-CE9414C846D2}.Release|Any CPU.ActiveCfg = Release|Any CPU
		{AC06D77C-3848-4331-B7FB-CE9414C846D2}.Release|Any CPU.Build.0 = Release|Any CPU
		{260A238E-DE4B-47F2-893A-8E67718253FB}.Debug|Any CPU.ActiveCfg = Debug|Any CPU
		{260A238E-DE4B-47F2-893A-8E67718253FB}.Debug|Any CPU.Build.0 = Debug|Any CPU
		{260A238E-DE4B-47F2-893A-8E67718253FB}.Release|Any CPU.ActiveCfg = Release|Any CPU
		{260A238E-DE4B-47F2-893A-8E67718253FB}.Release|Any CPU.Build.0 = Release|Any CPU
	EndGlobalSection
	GlobalSection(SolutionProperties) = preSolution
		HideSolutionNode = FALSE
	EndGlobalSection
EndGlobal
